
Microsoft Visual Studio Solution File, Format Version 12.00
# Visual Studio Version 17
VisualStudioVersion = 17.1.32407.343
MinimumVisualStudioVersion = 10.0.40219.1
Project("{9A19103F-16F7-4668-BE54-9A1E7A4F7556}") = "Cypher", "Cypher.csproj", "{BA629338-C60A-4C00-95D7-7A6E7AE4A721}"
EndProject
Project("{54435603-DBB4-11D2-8724-00A0C9A8B90C}") = "CypherSetUp", "..\CypherSetUp\CypherSetUp.vdproj", "{F11860D9-09FC-449C-AD57-07B3BA5903AB}"
EndProject
Global
	GlobalSection(SolutionConfigurationPlatforms) = preSolution
		Debug|Any CPU = Debug|Any CPU
		Debug|ARM = Debug|ARM
		Debug|iPhone = Debug|iPhone
		Debug|iPhoneSimulator = Debug|iPhoneSimulator
		Debug|x64 = Debug|x64
		Debug|x86 = Debug|x86
		Release|Any CPU = Release|Any CPU
		Release|ARM = Release|ARM
		Release|iPhone = Release|iPhone
		Release|iPhoneSimulator = Release|iPhoneSimulator
		Release|x64 = Release|x64
		Release|x86 = Release|x86
	EndGlobalSection
	GlobalSection(ProjectConfigurationPlatforms) = postSolution
		{BA629338-C60A-4C00-95D7-7A6E7AE4A721}.Debug|Any CPU.ActiveCfg = Debug|Any CPU
		{BA629338-C60A-4C00-95D7-7A6E7AE4A721}.Debug|Any CPU.Build.0 = Debug|Any CPU
		{BA629338-C60A-4C00-95D7-7A6E7AE4A721}.Debug|ARM.ActiveCfg = Debug|Any CPU
		{BA629338-C60A-4C00-95D7-7A6E7AE4A721}.Debug|ARM.Build.0 = Debug|Any CPU
		{BA629338-C60A-4C00-95D7-7A6E7AE4A721}.Debug|iPhone.ActiveCfg = Debug|Any CPU
		{BA629338-C60A-4C00-95D7-7A6E7AE4A721}.Debug|iPhone.Build.0 = Debug|Any CPU
		{BA629338-C60A-4C00-95D7-7A6E7AE4A721}.Debug|iPhoneSimulator.ActiveCfg = Debug|Any CPU
		{BA629338-C60A-4C00-95D7-7A6E7AE4A721}.Debug|iPhoneSimulator.Build.0 = Debug|Any CPU
		{BA629338-C60A-4C00-95D7-7A6E7AE4A721}.Debug|x64.ActiveCfg = Debug|Any CPU
		{BA629338-C60A-4C00-95D7-7A6E7AE4A721}.Debug|x64.Build.0 = Debug|Any CPU
		{BA629338-C60A-4C00-95D7-7A6E7AE4A721}.Debug|x86.ActiveCfg = Debug|Any CPU
		{BA629338-C60A-4C00-95D7-7A6E7AE4A721}.Debug|x86.Build.0 = Debug|Any CPU
		{BA629338-C60A-4C00-95D7-7A6E7AE4A721}.Release|Any CPU.ActiveCfg = Release|Any CPU
		{BA629338-C60A-4C00-95D7-7A6E7AE4A721}.Release|Any CPU.Build.0 = Release|Any CPU
		{BA629338-C60A-4C00-95D7-7A6E7AE4A721}.Release|ARM.ActiveCfg = Release|Any CPU
		{BA629338-C60A-4C00-95D7-7A6E7AE4A721}.Release|ARM.Build.0 = Release|Any CPU
		{BA629338-C60A-4C00-95D7-7A6E7AE4A721}.Release|iPhone.ActiveCfg = Release|Any CPU
		{BA629338-C60A-4C00-95D7-7A6E7AE4A721}.Release|iPhone.Build.0 = Release|Any CPU
		{BA629338-C60A-4C00-95D7-7A6E7AE4A721}.Release|iPhoneSimulator.ActiveCfg = Release|Any CPU
		{BA629338-C60A-4C00-95D7-7A6E7AE4A721}.Release|iPhoneSimulator.Build.0 = Release|Any CPU
		{BA629338-C60A-4C00-95D7-7A6E7AE4A721}.Release|x64.ActiveCfg = Release|Any CPU
		{BA629338-C60A-4C00-95D7-7A6E7AE4A721}.Release|x64.Build.0 = Release|Any CPU
		{BA629338-C60A-4C00-95D7-7A6E7AE4A721}.Release|x86.ActiveCfg = Release|Any CPU
		{BA629338-C60A-4C00-95D7-7A6E7AE4A721}.Release|x86.Build.0 = Release|Any CPU
		{F11860D9-09FC-449C-AD57-07B3BA5903AB}.Debug|Any CPU.ActiveCfg = Debug
		{F11860D9-09FC-449C-AD57-07B3BA5903AB}.Debug|ARM.ActiveCfg = Debug
		{F11860D9-09FC-449C-AD57-07B3BA5903AB}.Debug|iPhone.ActiveCfg = Debug
		{F11860D9-09FC-449C-AD57-07B3BA5903AB}.Debug|iPhoneSimulator.ActiveCfg = Debug
		{F11860D9-09FC-449C-AD57-07B3BA5903AB}.Debug|x64.ActiveCfg = Debug
		{F11860D9-09FC-449C-AD57-07B3BA5903AB}.Debug|x86.ActiveCfg = Debug
		{F11860D9-09FC-449C-AD57-07B3BA5903AB}.Release|Any CPU.ActiveCfg = Release
		{F11860D9-09FC-449C-AD57-07B3BA5903AB}.Release|ARM.ActiveCfg = Release
		{F11860D9-09FC-449C-AD57-07B3BA5903AB}.Release|iPhone.ActiveCfg = Release
		{F11860D9-09FC-449C-AD57-07B3BA5903AB}.Release|iPhoneSimulator.ActiveCfg = Release
		{F11860D9-09FC-449C-AD57-07B3BA5903AB}.Release|x64.ActiveCfg = Release
		{F11860D9-09FC-449C-AD57-07B3BA5903AB}.Release|x86.ActiveCfg = Release
	EndGlobalSection
	GlobalSection(SolutionProperties) = preSolution
		HideSolutionNode = FALSE
	EndGlobalSection
	GlobalSection(ExtensibilityGlobals) = postSolution
		SolutionGuid = {D21ACD2D-F5BD-4268-A5FE-5E790E38C9C5}
	EndGlobalSection
EndGlobal
